
Microsoft Visual Studio Solution File, Format Version 12.00
# Visual Studio Version 17
VisualStudioVersion = 17.6.33829.357
MinimumVisualStudioVersion = 10.0.40219.1
Project("{FAE04EC0-301F-11D3-BF4B-00C04F79EFBC}") = "UsersAssessment", "UsersAssessment.csproj", "{3E5DB255-11D2-45AB-AFDA-69553AC18A89}"
EndProject
Global
	GlobalSection(SolutionConfigurationPlatforms) = preSolution
		Debug|Any CPU = Debug|Any CPU
		Release|Any CPU = Release|Any CPU
	EndGlobalSection
	GlobalSection(ProjectConfigurationPlatforms) = postSolution
		{3E5DB255-11D2-45AB-AFDA-69553AC18A89}.Debug|Any CPU.ActiveCfg = Debug|Any CPU
		{3E5DB255-11D2-45AB-AFDA-69553AC18A89}.Debug|Any CPU.Build.0 = Debug|Any CPU
		{3E5DB255-11D2-45AB-AFDA-69553AC18A89}.Release|Any CPU.ActiveCfg = Release|Any CPU
		{3E5DB255-11D2-45AB-AFDA-69553AC18A89}.Release|Any CPU.Build.0 = Release|Any CPU
	EndGlobalSection
	GlobalSection(SolutionProperties) = preSolution
		HideSolutionNode = FALSE
	EndGlobalSection
	GlobalSection(ExtensibilityGlobals) = postSolution
		SolutionGuid = {33FBC316-CBFD-48F6-8492-C9879094EF44}
	EndGlobalSection
EndGlobal
